
Microsoft Visual Studio Solution File, Format Version 12.00
Project("{FAE04EC0-301F-11D3-BF4B-00C04F79EFBC}") = "TemperatureServer", "TemperatureServer\TemperatureServer.csproj", "{8E569104-4A01-4BFC-BAE4-52617DFB7C81}"
EndProject
Project("{FAE04EC0-301F-11D3-BF4B-00C04F79EFBC}") = "TemperatureLoopClient", "TemperatureLoopClient\TemperatureLoopClient.csproj", "{EA115727-D8B4-47FF-9FDE-EEFE370D4822}"
EndProject
Project("{FAE04EC0-301F-11D3-BF4B-00C04F79EFBC}") = "TemperaturePushClient", "TemperaturePushClient\TemperaturePushClient.csproj", "{7020BBAB-9561-4566-A3D3-515F269408B8}"
EndProject
Global
	GlobalSection(SolutionConfigurationPlatforms) = preSolution
		Debug|Any CPU = Debug|Any CPU
		Release|Any CPU = Release|Any CPU
	EndGlobalSection
	GlobalSection(ProjectConfigurationPlatforms) = postSolution
		{8E569104-4A01-4BFC-BAE4-52617DFB7C81}.Debug|Any CPU.ActiveCfg = Debug|Any CPU
		{8E569104-4A01-4BFC-BAE4-52617DFB7C81}.Debug|Any CPU.Build.0 = Debug|Any CPU
		{8E569104-4A01-4BFC-BAE4-52617DFB7C81}.Release|Any CPU.ActiveCfg = Release|Any CPU
		{8E569104-4A01-4BFC-BAE4-52617DFB7C81}.Release|Any CPU.Build.0 = Release|Any CPU
		{EA115727-D8B4-47FF-9FDE-EEFE370D4822}.Debug|Any CPU.ActiveCfg = Debug|Any CPU
		{EA115727-D8B4-47FF-9FDE-EEFE370D4822}.Debug|Any CPU.Build.0 = Debug|Any CPU
		{EA115727-D8B4-47FF-9FDE-EEFE370D4822}.Release|Any CPU.ActiveCfg = Release|Any CPU
		{EA115727-D8B4-47FF-9FDE-EEFE370D4822}.Release|Any CPU.Build.0 = Release|Any CPU
		{7020BBAB-9561-4566-A3D3-515F269408B8}.Debug|Any CPU.ActiveCfg = Debug|Any CPU
		{7020BBAB-9561-4566-A3D3-515F269408B8}.Debug|Any CPU.Build.0 = Debug|Any CPU
		{7020BBAB-9561-4566-A3D3-515F269408B8}.Release|Any CPU.ActiveCfg = Release|Any CPU
		{7020BBAB-9561-4566-A3D3-515F269408B8}.Release|Any CPU.Build.0 = Release|Any CPU
	EndGlobalSection
EndGlobal
