
Microsoft Visual Studio Solution File, Format Version 12.00
Project("{FAE04EC0-301F-11D3-BF4B-00C04F79EFBC}") = "TemperatureServer", "TemperatureServer\TemperatureServer.csproj", "{8E569104-4A01-4BFC-BAE4-52617DFB7C81}"
EndProject
Project("{FAE04EC0-301F-11D3-BF4B-00C04F79EFBC}") = "TemperatureLoopClient", "TemperatureLoopClient\TemperatureLoopClient.csproj", "{EA115727-D8B4-47FF-9FDE-EEFE370D4822}"
EndProject
Project("{2150E333-8FDC-42A3-9474-1A3956D46DE8}") = "Loop", "Loop", "{E83A0DE5-6257-43C4-B57D-D647ED715BDC}"
EndProject
Project("{2150E333-8FDC-42A3-9474-1A3956D46DE8}") = "LongPooling", "LongPooling", "{4321EFAD-5007-43A5-B968-8D703FCE3012}"
EndProject
Project("{FAE04EC0-301F-11D3-BF4B-00C04F79EFBC}") = "LongPollingServer", "LongPollingServer\LongPollingServer.csproj", "{ED81F8DB-E7D4-4C3B-87BC-0F0B7FFDD675}"
EndProject
Project("{FAE04EC0-301F-11D3-BF4B-00C04F79EFBC}") = "LongPoolingClient", "LongPoolingClient\LongPoolingClient.csproj", "{0E94ABFA-C6DD-460D-8381-5937E1B74CBD}"
EndProject
Project("{2150E333-8FDC-42A3-9474-1A3956D46DE8}") = "PushOwin", "PushOwin", "{B715C0D2-E556-4A47-B9D4-2A8677240910}"
EndProject
Project("{FAE04EC0-301F-11D3-BF4B-00C04F79EFBC}") = "OwinPushServer", "OwinPushServer\OwinPushServer.csproj", "{579272B8-15C1-4841-AD40-C003B0F17138}"
EndProject
Project("{FAE04EC0-301F-11D3-BF4B-00C04F79EFBC}") = "OwinPushClient", "OwinPushClient\OwinPushClient.csproj", "{1DEF7A07-71D9-4EC3-9422-FA74F961AC93}"
EndProject
Project("{2150E333-8FDC-42A3-9474-1A3956D46DE8}") = "SignalR", "SignalR", "{C85795D8-B850-4E30-BF1D-4E776D334E04}"
EndProject
Project("{FAE04EC0-301F-11D3-BF4B-00C04F79EFBC}") = "SignalRServer", "SignalRServer\SignalRServer.csproj", "{696B4CD3-3026-4946-BAEC-7EC5AC38EDED}"
EndProject
Project("{FAE04EC0-301F-11D3-BF4B-00C04F79EFBC}") = "SignalRClient", "SignalRClient\SignalRClient.csproj", "{A78233A0-B8CA-4531-BDC5-32E9BAD3FD66}"
EndProject
Global
	GlobalSection(SolutionConfigurationPlatforms) = preSolution
		Debug|Any CPU = Debug|Any CPU
		Release|Any CPU = Release|Any CPU
	EndGlobalSection
	GlobalSection(ProjectConfigurationPlatforms) = postSolution
		{8E569104-4A01-4BFC-BAE4-52617DFB7C81}.Debug|Any CPU.ActiveCfg = Debug|Any CPU
		{8E569104-4A01-4BFC-BAE4-52617DFB7C81}.Debug|Any CPU.Build.0 = Debug|Any CPU
		{8E569104-4A01-4BFC-BAE4-52617DFB7C81}.Release|Any CPU.ActiveCfg = Release|Any CPU
		{8E569104-4A01-4BFC-BAE4-52617DFB7C81}.Release|Any CPU.Build.0 = Release|Any CPU
		{EA115727-D8B4-47FF-9FDE-EEFE370D4822}.Debug|Any CPU.ActiveCfg = Debug|Any CPU
		{EA115727-D8B4-47FF-9FDE-EEFE370D4822}.Debug|Any CPU.Build.0 = Debug|Any CPU
		{EA115727-D8B4-47FF-9FDE-EEFE370D4822}.Release|Any CPU.ActiveCfg = Release|Any CPU
		{EA115727-D8B4-47FF-9FDE-EEFE370D4822}.Release|Any CPU.Build.0 = Release|Any CPU
		{ED81F8DB-E7D4-4C3B-87BC-0F0B7FFDD675}.Debug|Any CPU.ActiveCfg = Debug|Any CPU
		{ED81F8DB-E7D4-4C3B-87BC-0F0B7FFDD675}.Debug|Any CPU.Build.0 = Debug|Any CPU
		{ED81F8DB-E7D4-4C3B-87BC-0F0B7FFDD675}.Release|Any CPU.ActiveCfg = Release|Any CPU
		{ED81F8DB-E7D4-4C3B-87BC-0F0B7FFDD675}.Release|Any CPU.Build.0 = Release|Any CPU
		{0E94ABFA-C6DD-460D-8381-5937E1B74CBD}.Debug|Any CPU.ActiveCfg = Debug|Any CPU
		{0E94ABFA-C6DD-460D-8381-5937E1B74CBD}.Debug|Any CPU.Build.0 = Debug|Any CPU
		{0E94ABFA-C6DD-460D-8381-5937E1B74CBD}.Release|Any CPU.ActiveCfg = Release|Any CPU
		{0E94ABFA-C6DD-460D-8381-5937E1B74CBD}.Release|Any CPU.Build.0 = Release|Any CPU
		{579272B8-15C1-4841-AD40-C003B0F17138}.Debug|Any CPU.ActiveCfg = Debug|Any CPU
		{579272B8-15C1-4841-AD40-C003B0F17138}.Debug|Any CPU.Build.0 = Debug|Any CPU
		{579272B8-15C1-4841-AD40-C003B0F17138}.Release|Any CPU.ActiveCfg = Release|Any CPU
		{579272B8-15C1-4841-AD40-C003B0F17138}.Release|Any CPU.Build.0 = Release|Any CPU
		{1DEF7A07-71D9-4EC3-9422-FA74F961AC93}.Debug|Any CPU.ActiveCfg = Debug|Any CPU
		{1DEF7A07-71D9-4EC3-9422-FA74F961AC93}.Debug|Any CPU.Build.0 = Debug|Any CPU
		{1DEF7A07-71D9-4EC3-9422-FA74F961AC93}.Release|Any CPU.ActiveCfg = Release|Any CPU
		{1DEF7A07-71D9-4EC3-9422-FA74F961AC93}.Release|Any CPU.Build.0 = Release|Any CPU
		{696B4CD3-3026-4946-BAEC-7EC5AC38EDED}.Debug|Any CPU.ActiveCfg = Debug|Any CPU
		{696B4CD3-3026-4946-BAEC-7EC5AC38EDED}.Debug|Any CPU.Build.0 = Debug|Any CPU
		{696B4CD3-3026-4946-BAEC-7EC5AC38EDED}.Release|Any CPU.ActiveCfg = Release|Any CPU
		{696B4CD3-3026-4946-BAEC-7EC5AC38EDED}.Release|Any CPU.Build.0 = Release|Any CPU
		{A78233A0-B8CA-4531-BDC5-32E9BAD3FD66}.Debug|Any CPU.ActiveCfg = Debug|Any CPU
		{A78233A0-B8CA-4531-BDC5-32E9BAD3FD66}.Debug|Any CPU.Build.0 = Debug|Any CPU
		{A78233A0-B8CA-4531-BDC5-32E9BAD3FD66}.Release|Any CPU.ActiveCfg = Release|Any CPU
		{A78233A0-B8CA-4531-BDC5-32E9BAD3FD66}.Release|Any CPU.Build.0 = Release|Any CPU
	EndGlobalSection
	GlobalSection(NestedProjects) = preSolution
		{ED81F8DB-E7D4-4C3B-87BC-0F0B7FFDD675} = {4321EFAD-5007-43A5-B968-8D703FCE3012}
		{0E94ABFA-C6DD-460D-8381-5937E1B74CBD} = {4321EFAD-5007-43A5-B968-8D703FCE3012}
		{EA115727-D8B4-47FF-9FDE-EEFE370D4822} = {E83A0DE5-6257-43C4-B57D-D647ED715BDC}
		{8E569104-4A01-4BFC-BAE4-52617DFB7C81} = {E83A0DE5-6257-43C4-B57D-D647ED715BDC}
		{579272B8-15C1-4841-AD40-C003B0F17138} = {B715C0D2-E556-4A47-B9D4-2A8677240910}
		{1DEF7A07-71D9-4EC3-9422-FA74F961AC93} = {B715C0D2-E556-4A47-B9D4-2A8677240910}
		{696B4CD3-3026-4946-BAEC-7EC5AC38EDED} = {C85795D8-B850-4E30-BF1D-4E776D334E04}
		{A78233A0-B8CA-4531-BDC5-32E9BAD3FD66} = {C85795D8-B850-4E30-BF1D-4E776D334E04}
	EndGlobalSection
EndGlobal
